// !$*UTF8*$!
{
	archiveVersion = 1;
	classes = {
	};
	objectVersion = 55;
	objects = {

/* Begin PBXBuildFile section */
		9AF6A6EC27E3D2040066054D /* AppDelegate.swift in Sources */ = {isa = PBXBuildFile; fileRef = 9AF6A6EB27E3D2040066054D /* AppDelegate.swift */; };
		9AF6A6EE27E3D2040066054D /* SceneDelegate.swift in Sources */ = {isa = PBXBuildFile; fileRef = 9AF6A6ED27E3D2040066054D /* SceneDelegate.swift */; };
		9AF6A6F327E3D2040066054D /* Main.storyboard in Resources */ = {isa = PBXBuildFile; fileRef = 9AF6A6F127E3D2040066054D /* Main.storyboard */; };
		9AF6A6F527E3D2050066054D /* Assets.xcassets in Resources */ = {isa = PBXBuildFile; fileRef = 9AF6A6F427E3D2050066054D /* Assets.xcassets */; };
		9AF6A6F827E3D2050066054D /* LaunchScreen.storyboard in Resources */ = {isa = PBXBuildFile; fileRef = 9AF6A6F627E3D2050066054D /* LaunchScreen.storyboard */; };
		9AFD11A627E3D392002E7652 /* Day.swift in Sources */ = {isa = PBXBuildFile; fileRef = 9AFD11A527E3D392002E7652 /* Day.swift */; };
		9AFD11A827E3D55C002E7652 /* DayController.swift in Sources */ = {isa = PBXBuildFile; fileRef = 9AFD11A727E3D55C002E7652 /* DayController.swift */; };
		9AFD11AE27E3D885002E7652 /* DayListTableViewController.swift in Sources */ = {isa = PBXBuildFile; fileRef = 9AFD11AD27E3D885002E7652 /* DayListTableViewController.swift */; };
		9AFD11B027E3D8AD002E7652 /* DayDetailViewController.swift in Sources */ = {isa = PBXBuildFile; fileRef = 9AFD11AF27E3D8AD002E7652 /* DayDetailViewController.swift */; };
/* End PBXBuildFile section */

/* Begin PBXFileReference section */
		9AF6A6E827E3D2040066054D /* DaysOfTheWeek.app */ = {isa = PBXFileReference; explicitFileType = wrapper.application; includeInIndex = 0; path = DaysOfTheWeek.app; sourceTree = BUILT_PRODUCTS_DIR; };
		9AF6A6EB27E3D2040066054D /* AppDelegate.swift */ = {isa = PBXFileReference; lastKnownFileType = sourcecode.swift; path = AppDelegate.swift; sourceTree = "<group>"; };
		9AF6A6ED27E3D2040066054D /* SceneDelegate.swift */ = {isa = PBXFileReference; lastKnownFileType = sourcecode.swift; path = SceneDelegate.swift; sourceTree = "<group>"; };
		9AF6A6F227E3D2040066054D /* Base */ = {isa = PBXFileReference; lastKnownFileType = file.storyboard; name = Base; path = Base.lproj/Main.storyboard; sourceTree = "<group>"; };
		9AF6A6F427E3D2050066054D /* Assets.xcassets */ = {isa = PBXFileReference; lastKnownFileType = folder.assetcatalog; path = Assets.xcassets; sourceTree = "<group>"; };
		9AF6A6F727E3D2050066054D /* Base */ = {isa = PBXFileReference; lastKnownFileType = file.storyboard; name = Base; path = Base.lproj/LaunchScreen.storyboard; sourceTree = "<group>"; };
		9AF6A6F927E3D2050066054D /* Info.plist */ = {isa = PBXFileReference; lastKnownFileType = text.plist.xml; path = Info.plist; sourceTree = "<group>"; };
		9AFD11A527E3D392002E7652 /* Day.swift */ = {isa = PBXFileReference; lastKnownFileType = sourcecode.swift; path = Day.swift; sourceTree = "<group>"; };
		9AFD11A727E3D55C002E7652 /* DayController.swift */ = {isa = PBXFileReference; lastKnownFileType = sourcecode.swift; path = DayController.swift; sourceTree = "<group>"; };
		9AFD11AD27E3D885002E7652 /* DayListTableViewController.swift */ = {isa = PBXFileReference; lastKnownFileType = sourcecode.swift; path = DayListTableViewController.swift; sourceTree = "<group>"; };
		9AFD11AF27E3D8AD002E7652 /* DayDetailViewController.swift */ = {isa = PBXFileReference; lastKnownFileType = sourcecode.swift; path = DayDetailViewController.swift; sourceTree = "<group>"; };
/* End PBXFileReference section */

/* Begin PBXFrameworksBuildPhase section */
		9AF6A6E527E3D2040066054D /* Frameworks */ = {
			isa = PBXFrameworksBuildPhase;
			buildActionMask = 2147483647;
			files = (
			);
			runOnlyForDeploymentPostprocessing = 0;
		};
/* End PBXFrameworksBuildPhase section */

/* Begin PBXGroup section */
		9AF6A6DF27E3D2040066054D = {
			isa = PBXGroup;
			children = (
				9AF6A6EA27E3D2040066054D /* DaysOfTheWeek */,
				9AF6A6E927E3D2040066054D /* Products */,
			);
			sourceTree = "<group>";
		};
		9AF6A6E927E3D2040066054D /* Products */ = {
			isa = PBXGroup;
			children = (
				9AF6A6E827E3D2040066054D /* DaysOfTheWeek.app */,
			);
			name = Products;
			sourceTree = "<group>";
		};
		9AF6A6EA27E3D2040066054D /* DaysOfTheWeek */ = {
			isa = PBXGroup;
			children = (
				9AF6A70527E3D27A0066054D /* Models */,
				9AF6A70127E3D23F0066054D /* Controllers */,
				9AF6A70027E3D22A0066054D /* Views */,
				9AF6A6FF27E3D2100066054D /* Resources */,
			);
			path = DaysOfTheWeek;
			sourceTree = "<group>";
		};
		9AF6A6FF27E3D2100066054D /* Resources */ = {
			isa = PBXGroup;
			children = (
				9AF6A6EB27E3D2040066054D /* AppDelegate.swift */,
				9AF6A6ED27E3D2040066054D /* SceneDelegate.swift */,
				9AF6A6F427E3D2050066054D /* Assets.xcassets */,
				9AF6A6F927E3D2050066054D /* Info.plist */,
			);
			path = Resources;
			sourceTree = "<group>";
		};
		9AF6A70027E3D22A0066054D /* Views */ = {
			isa = PBXGroup;
			children = (
				9AF6A6F127E3D2040066054D /* Main.storyboard */,
				9AF6A6F627E3D2050066054D /* LaunchScreen.storyboard */,
			);
			path = Views;
			sourceTree = "<group>";
		};
		9AF6A70127E3D23F0066054D /* Controllers */ = {
			isa = PBXGroup;
			children = (
				9AF6A70427E3D2500066054D /* ModelControllers */,
				9AF6A70227E3D2470066054D /* ViewControllers */,
			);
			path = Controllers;
			sourceTree = "<group>";
		};
		9AF6A70227E3D2470066054D /* ViewControllers */ = {
			isa = PBXGroup;
			children = (
				9AFD11AD27E3D885002E7652 /* DayListTableViewController.swift */,
				9AFD11AF27E3D8AD002E7652 /* DayDetailViewController.swift */,
			);
			path = ViewControllers;
			sourceTree = "<group>";
		};
		9AF6A70427E3D2500066054D /* ModelControllers */ = {
			isa = PBXGroup;
			children = (
				9AFD11A727E3D55C002E7652 /* DayController.swift */,
			);
			path = ModelControllers;
			sourceTree = "<group>";
		};
		9AF6A70527E3D27A0066054D /* Models */ = {
			isa = PBXGroup;
			children = (
				9AFD11A527E3D392002E7652 /* Day.swift */,
			);
			path = Models;
			sourceTree = "<group>";
		};
/* End PBXGroup section */

/* Begin PBXNativeTarget section */
		9AF6A6E727E3D2040066054D /* DaysOfTheWeek */ = {
			isa = PBXNativeTarget;
			buildConfigurationList = 9AF6A6FC27E3D2050066054D /* Build configuration list for PBXNativeTarget "DaysOfTheWeek" */;
			buildPhases = (
				9AF6A6E427E3D2040066054D /* Sources */,
				9AF6A6E527E3D2040066054D /* Frameworks */,
				9AF6A6E627E3D2040066054D /* Resources */,
			);
			buildRules = (
			);
			dependencies = (
			);
			name = DaysOfTheWeek;
			productName = DaysOfTheWeek;
			productReference = 9AF6A6E827E3D2040066054D /* DaysOfTheWeek.app */;
			productType = "com.apple.product-type.application";
		};
/* End PBXNativeTarget section */

/* Begin PBXProject section */
		9AF6A6E027E3D2040066054D /* Project object */ = {
			isa = PBXProject;
			attributes = {
				BuildIndependentTargetsInParallel = 1;
				LastSwiftUpdateCheck = 1330;
				LastUpgradeCheck = 1330;
				TargetAttributes = {
					9AF6A6E727E3D2040066054D = {
						CreatedOnToolsVersion = 13.3;
					};
				};
			};
			buildConfigurationList = 9AF6A6E327E3D2040066054D /* Build configuration list for PBXProject "DaysOfTheWeek" */;
			compatibilityVersion = "Xcode 13.0";
			developmentRegion = en;
			hasScannedForEncodings = 0;
			knownRegions = (
				en,
				Base,
			);
			mainGroup = 9AF6A6DF27E3D2040066054D;
			productRefGroup = 9AF6A6E927E3D2040066054D /* Products */;
			projectDirPath = "";
			projectRoot = "";
			targets = (
				9AF6A6E727E3D2040066054D /* DaysOfTheWeek */,
			);
		};
/* End PBXProject section */

/* Begin PBXResourcesBuildPhase section */
		9AF6A6E627E3D2040066054D /* Resources */ = {
			isa = PBXResourcesBuildPhase;
			buildActionMask = 2147483647;
			files = (
				9AF6A6F827E3D2050066054D /* LaunchScreen.storyboard in Resources */,
				9AF6A6F527E3D2050066054D /* Assets.xcassets in Resources */,
				9AF6A6F327E3D2040066054D /* Main.storyboard in Resources */,
			);
			runOnlyForDeploymentPostprocessing = 0;
		};
/* End PBXResourcesBuildPhase section */

/* Begin PBXSourcesBuildPhase section */
		9AF6A6E427E3D2040066054D /* Sources */ = {
			isa = PBXSourcesBuildPhase;
			buildActionMask = 2147483647;
			files = (
				9AFD11B027E3D8AD002E7652 /* DayDetailViewController.swift in Sources */,
				9AFD11A827E3D55C002E7652 /* DayController.swift in Sources */,
				9AF6A6EC27E3D2040066054D /* AppDelegate.swift in Sources */,
				9AF6A6EE27E3D2040066054D /* SceneDelegate.swift in Sources */,
				9AFD11A627E3D392002E7652 /* Day.swift in Sources */,
				9AFD11AE27E3D885002E7652 /* DayListTableViewController.swift in Sources */,
			);
			runOnlyForDeploymentPostprocessing = 0;
		};
/* End PBXSourcesBuildPhase section */

/* Begin PBXVariantGroup section */
		9AF6A6F127E3D2040066054D /* Main.storyboard */ = {
			isa = PBXVariantGroup;
			children = (
				9AF6A6F227E3D2040066054D /* Base */,
			);
			name = Main.storyboard;
			sourceTree = "<group>";
		};
		9AF6A6F627E3D2050066054D /* LaunchScreen.storyboard */ = {
			isa = PBXVariantGroup;
			children = (
				9AF6A6F727E3D2050066054D /* Base */,
			);
			name = LaunchScreen.storyboard;
			sourceTree = "<group>";
		};
/* End PBXVariantGroup section */

/* Begin XCBuildConfiguration section */
		9AF6A6FA27E3D2050066054D /* Debug */ = {
			isa = XCBuildConfiguration;
			buildSettings = {
				ALWAYS_SEARCH_USER_PATHS = NO;
				CLANG_ANALYZER_NONNULL = YES;
				CLANG_ANALYZER_NUMBER_OBJECT_CONVERSION = YES_AGGRESSIVE;
				CLANG_CXX_LANGUAGE_STANDARD = "gnu++17";
				CLANG_ENABLE_MODULES = YES;
				CLANG_ENABLE_OBJC_ARC = YES;
				CLANG_ENABLE_OBJC_WEAK = YES;
				CLANG_WARN_BLOCK_CAPTURE_AUTORELEASING = YES;
				CLANG_WARN_BOOL_CONVERSION = YES;
				CLANG_WARN_COMMA = YES;
				CLANG_WARN_CONSTANT_CONVERSION = YES;
				CLANG_WARN_DEPRECATED_OBJC_IMPLEMENTATIONS = YES;
				CLANG_WARN_DIRECT_OBJC_ISA_USAGE = YES_ERROR;
				CLANG_WARN_DOCUMENTATION_COMMENTS = YES;
				CLANG_WARN_EMPTY_BODY = YES;
				CLANG_WARN_ENUM_CONVERSION = YES;
				CLANG_WARN_INFINITE_RECURSION = YES;
				CLANG_WARN_INT_CONVERSION = YES;
				CLANG_WARN_NON_LITERAL_NULL_CONVERSION = YES;
				CLANG_WARN_OBJC_IMPLICIT_RETAIN_SELF = YES;
				CLANG_WARN_OBJC_LITERAL_CONVERSION = YES;
				CLANG_WARN_OBJC_ROOT_CLASS = YES_ERROR;
				CLANG_WARN_QUOTED_INCLUDE_IN_FRAMEWORK_HEADER = YES;
				CLANG_WARN_RANGE_LOOP_ANALYSIS = YES;
				CLANG_WARN_STRICT_PROTOTYPES = YES;
				CLANG_WARN_SUSPICIOUS_MOVE = YES;
				CLANG_WARN_UNGUARDED_AVAILABILITY = YES_AGGRESSIVE;
				CLANG_WARN_UNREACHABLE_CODE = YES;
				CLANG_WARN__DUPLICATE_METHOD_MATCH = YES;
				COPY_PHASE_STRIP = NO;
				DEBUG_INFORMATION_FORMAT = dwarf;
				ENABLE_STRICT_OBJC_MSGSEND = YES;
				ENABLE_TESTABILITY = YES;
				GCC_C_LANGUAGE_STANDARD = gnu11;
				GCC_DYNAMIC_NO_PIC = NO;
				GCC_NO_COMMON_BLOCKS = YES;
				GCC_OPTIMIZATION_LEVEL = 0;
				GCC_PREPROCESSOR_DEFINITIONS = (
					"DEBUG=1",
					"$(inherited)",
				);
				GCC_WARN_64_TO_32_BIT_CONVERSION = YES;
				GCC_WARN_ABOUT_RETURN_TYPE = YES_ERROR;
				GCC_WARN_UNDECLARED_SELECTOR = YES;
				GCC_WARN_UNINITIALIZED_AUTOS = YES_AGGRESSIVE;
				GCC_WARN_UNUSED_FUNCTION = YES;
				GCC_WARN_UNUSED_VARIABLE = YES;
				IPHONEOS_DEPLOYMENT_TARGET = 15.4;
				MTL_ENABLE_DEBUG_INFO = INCLUDE_SOURCE;
				MTL_FAST_MATH = YES;
				ONLY_ACTIVE_ARCH = YES;
				SDKROOT = iphoneos;
				SWIFT_ACTIVE_COMPILATION_CONDITIONS = DEBUG;
				SWIFT_OPTIMIZATION_LEVEL = "-Onone";
			};
			name = Debug;
		};
		9AF6A6FB27E3D2050066054D /* Release */ = {
			isa = XCBuildConfiguration;
			buildSettings = {
				ALWAYS_SEARCH_USER_PATHS = NO;
				CLANG_ANALYZER_NONNULL = YES;
				CLANG_ANALYZER_NUMBER_OBJECT_CONVERSION = YES_AGGRESSIVE;
				CLANG_CXX_LANGUAGE_STANDARD = "gnu++17";
				CLANG_ENABLE_MODULES = YES;
				CLANG_ENABLE_OBJC_ARC = YES;
				CLANG_ENABLE_OBJC_WEAK = YES;
				CLANG_WARN_BLOCK_CAPTURE_AUTORELEASING = YES;
				CLANG_WARN_BOOL_CONVERSION = YES;
				CLANG_WARN_COMMA = YES;
				CLANG_WARN_CONSTANT_CONVERSION = YES;
				CLANG_WARN_DEPRECATED_OBJC_IMPLEMENTATIONS = YES;
				CLANG_WARN_DIRECT_OBJC_ISA_USAGE = YES_ERROR;
				CLANG_WARN_DOCUMENTATION_COMMENTS = YES;
				CLANG_WARN_EMPTY_BODY = YES;
				CLANG_WARN_ENUM_CONVERSION = YES;
				CLANG_WARN_INFINITE_RECURSION = YES;
				CLANG_WARN_INT_CONVERSION = YES;
				CLANG_WARN_NON_LITERAL_NULL_CONVERSION = YES;
				CLANG_WARN_OBJC_IMPLICIT_RETAIN_SELF = YES;
				CLANG_WARN_OBJC_LITERAL_CONVERSION = YES;
				CLANG_WARN_OBJC_ROOT_CLASS = YES_ERROR;
				CLANG_WARN_QUOTED_INCLUDE_IN_FRAMEWORK_HEADER = YES;
				CLANG_WARN_RANGE_LOOP_ANALYSIS = YES;
				CLANG_WARN_STRICT_PROTOTYPES = YES;
				CLANG_WARN_SUSPICIOUS_MOVE = YES;
				CLANG_WARN_UNGUARDED_AVAILABILITY = YES_AGGRESSIVE;
				CLANG_WARN_UNREACHABLE_CODE = YES;
				CLANG_WARN__DUPLICATE_METHOD_MATCH = YES;
				COPY_PHASE_STRIP = NO;
				DEBUG_INFORMATION_FORMAT = "dwarf-with-dsym";
				ENABLE_NS_ASSERTIONS = NO;
				ENABLE_STRICT_OBJC_MSGSEND = YES;
				GCC_C_LANGUAGE_STANDARD = gnu11;
				GCC_NO_COMMON_BLOCKS = YES;
				GCC_WARN_64_TO_32_BIT_CONVERSION = YES;
				GCC_WARN_ABOUT_RETURN_TYPE = YES_ERROR;
				GCC_WARN_UNDECLARED_SELECTOR = YES;
				GCC_WARN_UNINITIALIZED_AUTOS = YES_AGGRESSIVE;
				GCC_WARN_UNUSED_FUNCTION = YES;
				GCC_WARN_UNUSED_VARIABLE = YES;
				IPHONEOS_DEPLOYMENT_TARGET = 15.4;
				MTL_ENABLE_DEBUG_INFO = NO;
				MTL_FAST_MATH = YES;
				SDKROOT = iphoneos;
				SWIFT_COMPILATION_MODE = wholemodule;
				SWIFT_OPTIMIZATION_LEVEL = "-O";
				VALIDATE_PRODUCT = YES;
			};
			name = Release;
		};
		9AF6A6FD27E3D2050066054D /* Debug */ = {
			isa = XCBuildConfiguration;
			buildSettings = {
				ASSETCATALOG_COMPILER_APPICON_NAME = AppIcon;
				ASSETCATALOG_COMPILER_GLOBAL_ACCENT_COLOR_NAME = AccentColor;
				CODE_SIGN_STYLE = Automatic;
				CURRENT_PROJECT_VERSION = 1;
				DEVELOPMENT_TEAM = 72A8K5D64W;
				GENERATE_INFOPLIST_FILE = YES;
				INFOPLIST_FILE = DaysOfTheWeek/Resources/Info.plist;
				INFOPLIST_KEY_UIApplicationSupportsIndirectInputEvents = YES;
				INFOPLIST_KEY_UILaunchStoryboardName = LaunchScreen;
				INFOPLIST_KEY_UIMainStoryboardFile = Main;
				INFOPLIST_KEY_UISupportedInterfaceOrientations_iPad = "UIInterfaceOrientationPortrait UIInterfaceOrientationPortraitUpsideDown UIInterfaceOrientationLandscapeLeft UIInterfaceOrientationLandscapeRight";
				INFOPLIST_KEY_UISupportedInterfaceOrientations_iPhone = "UIInterfaceOrientationPortrait UIInterfaceOrientationLandscapeLeft UIInterfaceOrientationLandscapeRight";
				IPHONEOS_DEPLOYMENT_TARGET = 15.0;
				LD_RUNPATH_SEARCH_PATHS = (
					"$(inherited)",
					"@executable_path/Frameworks",
				);
				MARKETING_VERSION = 1.0;
				PRODUCT_BUNDLE_IDENTIFIER = me.andrewelliott.DaysOfTheWeek;
				PRODUCT_NAME = "$(TARGET_NAME)";
				SWIFT_EMIT_LOC_STRINGS = YES;
				SWIFT_VERSION = 5.0;
				TARGETED_DEVICE_FAMILY = "1,2";
			};
			name = Debug;
		};
		9AF6A6FE27E3D2050066054D /* Release */ = {
			isa = XCBuildConfiguration;
			buildSettings = {
				ASSETCATALOG_COMPILER_APPICON_NAME = AppIcon;
				ASSETCATALOG_COMPILER_GLOBAL_ACCENT_COLOR_NAME = AccentColor;
				CODE_SIGN_STYLE = Automatic;
				CURRENT_PROJECT_VERSION = 1;
				DEVELOPMENT_TEAM = 72A8K5D64W;
				GENERATE_INFOPLIST_FILE = YES;
				INFOPLIST_FILE = DaysOfTheWeek/Resources/Info.plist;
				INFOPLIST_KEY_UIApplicationSupportsIndirectInputEvents = YES;
				INFOPLIST_KEY_UILaunchStoryboardName = LaunchScreen;
				INFOPLIST_KEY_UIMainStoryboardFile = Main;
				INFOPLIST_KEY_UISupportedInterfaceOrientations_iPad = "UIInterfaceOrientationPortrait UIInterfaceOrientationPortraitUpsideDown UIInterfaceOrientationLandscapeLeft UIInterfaceOrientationLandscapeRight";
				INFOPLIST_KEY_UISupportedInterfaceOrientations_iPhone = "UIInterfaceOrientationPortrait UIInterfaceOrientationLandscapeLeft UIInterfaceOrientationLandscapeRight";
				IPHONEOS_DEPLOYMENT_TARGET = 15.0;
				LD_RUNPATH_SEARCH_PATHS = (
					"$(inherited)",
					"@executable_path/Frameworks",
				);
				MARKETING_VERSION = 1.0;
				PRODUCT_BUNDLE_IDENTIFIER = me.andrewelliott.DaysOfTheWeek;
				PRODUCT_NAME = "$(TARGET_NAME)";
				SWIFT_EMIT_LOC_STRINGS = YES;
				SWIFT_VERSION = 5.0;
				TARGETED_DEVICE_FAMILY = "1,2";
			};
			name = Release;
		};
/* End XCBuildConfiguration section */

/* Begin XCConfigurationList section */
		9AF6A6E327E3D2040066054D /* Build configuration list for PBXProject "DaysOfTheWeek" */ = {
			isa = XCConfigurationList;
			buildConfigurations = (
				9AF6A6FA27E3D2050066054D /* Debug */,
				9AF6A6FB27E3D2050066054D /* Release */,
			);
			defaultConfigurationIsVisible = 0;
			defaultConfigurationName = Release;
		};
		9AF6A6FC27E3D2050066054D /* Build configuration list for PBXNativeTarget "DaysOfTheWeek" */ = {
			isa = XCConfigurationList;
			buildConfigurations = (
				9AF6A6FD27E3D2050066054D /* Debug */,
				9AF6A6FE27E3D2050066054D /* Release */,
			);
			defaultConfigurationIsVisible = 0;
			defaultConfigurationName = Release;
		};
/* End XCConfigurationList section */
	};
	rootObject = 9AF6A6E027E3D2040066054D /* Project object */;
}
